
Microsoft Visual Studio Solution File, Format Version 12.00
# Visual Studio Version 17
VisualStudioVersion = 17.13.35913.81 d17.13
MinimumVisualStudioVersion = 10.0.40219.1
Project("{8BC9CEB8-8B4A-11D0-8D11-00A0C91BC942}") = "bobaso", "bobaso\bobaso.vcxproj", "{B58A8E14-030E-4DF1-9CC5-50D16C51FBD1}"
EndProject
Global
	GlobalSection(SolutionConfigurationPlatforms) = preSolution
		Debug|x64 = Debug|x64
		Debug|x86 = Debug|x86
		Release|x64 = Release|x64
		Release|x86 = Release|x86
	EndGlobalSection
	GlobalSection(ProjectConfigurationPlatforms) = postSolution
		{B58A8E14-030E-4DF1-9CC5-50D16C51FBD1}.Debug|x64.ActiveCfg = Debug|x64
		{B58A8E14-030E-4DF1-9CC5-50D16C51FBD1}.Debug|x64.Build.0 = Debug|x64
		{B58A8E14-030E-4DF1-9CC5-50D16C51FBD1}.Debug|x86.ActiveCfg = Debug|Win32
		{B58A8E14-030E-4DF1-9CC5-50D16C51FBD1}.Debug|x86.Build.0 = Debug|Win32
		{B58A8E14-030E-4DF1-9CC5-50D16C51FBD1}.Release|x64.ActiveCfg = Release|x64
		{B58A8E14-030E-4DF1-9CC5-50D16C51FBD1}.Release|x64.Build.0 = Release|x64
		{B58A8E14-030E-4DF1-9CC5-50D16C51FBD1}.Release|x86.ActiveCfg = Release|Win32
		{B58A8E14-030E-4DF1-9CC5-50D16C51FBD1}.Release|x86.Build.0 = Release|Win32
	EndGlobalSection
	GlobalSection(SolutionProperties) = preSolution
		HideSolutionNode = FALSE
	EndGlobalSection
	GlobalSection(ExtensibilityGlobals) = postSolution
		SolutionGuid = {FED699ED-D265-40FF-8C51-A5E9D19A4AD2}
	EndGlobalSection
EndGlobal
